# @generated by Move, please check-in and do not edit manually.

[move]
version = 0
manifest_digest = "B49E005DAC395787198E5110D39E55B070445E8224CE0329F3135D9D54D51630"
deps_digest = "3C4103934B1E040BB6B23F1D610B4EF9F2F1166A50A104EADCF77467C004C600"

dependencies = [
  { name = "Sui" },
  { name = "lending_core" },
]

[[move.package]]
name = "MoveStdlib"
source = { git = "https://github.com/MystenLabs/sui.git", rev = "mainnet", subdir = "crates/sui-framework/packages/move-stdlib" }

[[move.package]]
name = "Sui"
source = { git = "https://github.com/MystenLabs/sui.git", rev = "mainnet", subdir = "crates/sui-framework/packages/sui-framework" }

dependencies = [
  { name = "MoveStdlib" },
]

[[move.package]]
name = "lending_core"
source = { git = "https://github.com/naviprotocol/protocol-interface.git", rev = "main", subdir = "lending_core" }

dependencies = [
  { name = "Sui" },
  { name = "math" },
  { name = "oracle" },
  { name = "utils" },
]

[[move.package]]
name = "math"
source = { git = "https://github.com/naviprotocol/protocol-interface.git", rev = "main", subdir = "math" }

dependencies = [
  { name = "Sui" },
]

[[move.package]]
name = "oracle"
source = { git = "https://github.com/naviprotocol/protocol-interface.git", rev = "main", subdir = "oracle" }

dependencies = [
  { name = "Sui" },
]

[[move.package]]
name = "utils"
source = { git = "https://github.com/naviprotocol/protocol-interface.git", rev = "main", subdir = "utils" }

dependencies = [
  { name = "Sui" },
]
