# @generated by Move, please check-in and do not edit manually.

[move]
version = 0
manifest_digest = "44A8C764831A9B30135FB2E45D2BFEBE9A3912B647ED6A18F742B0FA4E55DE22"
deps_digest = "3C4103934B1E040BB6B23F1D610B4EF9F2F1166A50A104EADCF77467C004C600"

dependencies = [
  { name = "Sui" },
  { name = "lending_core" },
]

[[move.package]]
name = "MoveStdlib"
source = { git = "https://github.com/MystenLabs/sui.git", rev = "mainnet", subdir = "crates/sui-framework/packages/move-stdlib" }

[[move.package]]
name = "Sui"
source = { git = "https://github.com/MystenLabs/sui.git", rev = "mainnet", subdir = "crates/sui-framework/packages/sui-framework" }

dependencies = [
  { name = "MoveStdlib" },
]

[[move.package]]
name = "lending_core"
source = { git = "https://github.com/naviprotocol/protocol-interface.git", rev = "main", subdir = "lending_core" }

dependencies = [
  { name = "Sui" },
  { name = "math" },
  { name = "oracle" },
  { name = "utils" },
]

[[move.package]]
name = "math"
source = { git = "https://github.com/naviprotocol/protocol-interface.git", rev = "main", subdir = "math" }

dependencies = [
  { name = "Sui" },
]

[[move.package]]
name = "oracle"
source = { git = "https://github.com/naviprotocol/protocol-interface.git", rev = "main", subdir = "oracle" }

dependencies = [
  { name = "Sui" },
]

[[move.package]]
name = "utils"
source = { git = "https://github.com/naviprotocol/protocol-interface.git", rev = "main", subdir = "utils" }

dependencies = [
  { name = "Sui" },
]

[move.toolchain-version]
compiler-version = "1.23.1"
edition = "legacy"
flavor = "sui"

[env]

[env.mainnet]
chain-id = "35834a8a"
original-published-id = "0xd347d5a250af75c4ec6abb8016943fdf1320ad2f9ab09cb8aea45cefad4c5f35"
latest-published-id = "0xd347d5a250af75c4ec6abb8016943fdf1320ad2f9ab09cb8aea45cefad4c5f35"
published-version = "1"
